
Microsoft Visual Studio Solution File, Format Version 10.00
# Visual Studio 2008
Project("{8BC9CEB8-8B4A-11D0-8D11-00A0C91BC942}") = "Semaphore", "Semaphore.vcproj", "{777CBB4F-E6ED-498A-BDA2-3C6E56A1B6BB}"
EndProject
Global
	GlobalSection(SolutionConfigurationPlatforms) = preSolution
		Debug|Win32 = Debug|Win32
		Release|Win32 = Release|Win32
	EndGlobalSection
	GlobalSection(ProjectConfigurationPlatforms) = postSolution
		{777CBB4F-E6ED-498A-BDA2-3C6E56A1B6BB}.Debug|Win32.ActiveCfg = Debug|Win32
		{777CBB4F-E6ED-498A-BDA2-3C6E56A1B6BB}.Debug|Win32.Build.0 = Debug|Win32
		{777CBB4F-E6ED-498A-BDA2-3C6E56A1B6BB}.Release|Win32.ActiveCfg = Release|Win32
		{777CBB4F-E6ED-498A-BDA2-3C6E56A1B6BB}.Release|Win32.Build.0 = Release|Win32
	EndGlobalSection
	GlobalSection(SolutionProperties) = preSolution
		HideSolutionNode = FALSE
	EndGlobalSection
EndGlobal
